
Microsoft Visual Studio Solution File, Format Version 12.00
# Visual Studio Version 17
VisualStudioVersion = 17.6.33927.249
MinimumVisualStudioVersion = 10.0.40219.1
Project("{FAE04EC0-301F-11D3-BF4B-00C04F79EFBC}") = "LINQ_003", "LINQ_003.csproj", "{5879B551-0F50-4DBB-BA84-FD38DB5C0372}"
EndProject
Global
	GlobalSection(SolutionConfigurationPlatforms) = preSolution
		Debug|Any CPU = Debug|Any CPU
		Release|Any CPU = Release|Any CPU
	EndGlobalSection
	GlobalSection(ProjectConfigurationPlatforms) = postSolution
		{5879B551-0F50-4DBB-BA84-FD38DB5C0372}.Debug|Any CPU.ActiveCfg = Debug|Any CPU
		{5879B551-0F50-4DBB-BA84-FD38DB5C0372}.Debug|Any CPU.Build.0 = Debug|Any CPU
		{5879B551-0F50-4DBB-BA84-FD38DB5C0372}.Release|Any CPU.ActiveCfg = Release|Any CPU
		{5879B551-0F50-4DBB-BA84-FD38DB5C0372}.Release|Any CPU.Build.0 = Release|Any CPU
	EndGlobalSection
	GlobalSection(SolutionProperties) = preSolution
		HideSolutionNode = FALSE
	EndGlobalSection
	GlobalSection(ExtensibilityGlobals) = postSolution
		SolutionGuid = {F77EFE02-FB88-4527-AB1D-8E1797A43D99}
	EndGlobalSection
EndGlobal
